
Microsoft Visual Studio Solution File, Format Version 12.00
# Visual Studio Version 17
VisualStudioVersion = 17.10.35013.160
MinimumVisualStudioVersion = 10.0.40219.1
Project("{FAE04EC0-301F-11D3-BF4B-00C04F79EFBC}") = "FundamentsCsharp.Console", "FundamentsCsharp.Console\FundamentsCsharp.Console.csproj", "{C565E95A-04AF-4405-B470-4C5D017EF2AD}"
EndProject
Global
	GlobalSection(SolutionConfigurationPlatforms) = preSolution
		Debug|Any CPU = Debug|Any CPU
		Release|Any CPU = Release|Any CPU
	EndGlobalSection
	GlobalSection(ProjectConfigurationPlatforms) = postSolution
		{C565E95A-04AF-4405-B470-4C5D017EF2AD}.Debug|Any CPU.ActiveCfg = Debug|Any CPU
		{C565E95A-04AF-4405-B470-4C5D017EF2AD}.Debug|Any CPU.Build.0 = Debug|Any CPU
		{C565E95A-04AF-4405-B470-4C5D017EF2AD}.Release|Any CPU.ActiveCfg = Release|Any CPU
		{C565E95A-04AF-4405-B470-4C5D017EF2AD}.Release|Any CPU.Build.0 = Release|Any CPU
	EndGlobalSection
	GlobalSection(SolutionProperties) = preSolution
		HideSolutionNode = FALSE
	EndGlobalSection
	GlobalSection(ExtensibilityGlobals) = postSolution
		SolutionGuid = {7A271BAD-97C7-4926-9841-1EF44A228013}
	EndGlobalSection
EndGlobal
